
Microsoft Visual Studio Solution File, Format Version 12.00
# Visual Studio 15
VisualStudioVersion = 15.0.28010.2026
MinimumVisualStudioVersion = 10.0.40219.1
Project("{FAE04EC0-301F-11D3-BF4B-00C04F79EFBC}") = "SistemaAC", "SistemaAC\SistemaAC.csproj", "{CA87317C-C99D-4587-BE0D-26745B3E1FC2}"
EndProject
Global
	GlobalSection(SolutionConfigurationPlatforms) = preSolution
		Debug|Any CPU = Debug|Any CPU
		Release|Any CPU = Release|Any CPU
	EndGlobalSection
	GlobalSection(ProjectConfigurationPlatforms) = postSolution
		{CA87317C-C99D-4587-BE0D-26745B3E1FC2}.Debug|Any CPU.ActiveCfg = Debug|Any CPU
		{CA87317C-C99D-4587-BE0D-26745B3E1FC2}.Debug|Any CPU.Build.0 = Debug|Any CPU
		{CA87317C-C99D-4587-BE0D-26745B3E1FC2}.Release|Any CPU.ActiveCfg = Release|Any CPU
		{CA87317C-C99D-4587-BE0D-26745B3E1FC2}.Release|Any CPU.Build.0 = Release|Any CPU
	EndGlobalSection
	GlobalSection(SolutionProperties) = preSolution
		HideSolutionNode = FALSE
	EndGlobalSection
	GlobalSection(ExtensibilityGlobals) = postSolution
		SolutionGuid = {185FB3BA-38C2-4208-B133-0B3FD8D37098}
	EndGlobalSection
EndGlobal
